
Microsoft Visual Studio Solution File, Format Version 12.00
# Visual Studio Version 17
VisualStudioVersion = 17.9.34607.119
MinimumVisualStudioVersion = 10.0.40219.1
Project("{9A19103F-16F7-4668-BE54-9A1E7A4F7556}") = "StackOverflowAPI_Handler", "StackOverflowAPI_Handler\StackOverflowAPI_Handler.csproj", "{3D12DAB7-D943-41F7-B90F-C590D186FDDA}"
EndProject
Project("{FAE04EC0-301F-11D3-BF4B-00C04F79EFBC}") = "Tests_StackOverflowAPI_Handler", "Tests_StackOverflowAPI_Handler\Tests_StackOverflowAPI_Handler.csproj", "{E0AE536C-B416-4342-8F1D-25861A0AD847}"
EndProject
Global
	GlobalSection(SolutionConfigurationPlatforms) = preSolution
		Debug|Any CPU = Debug|Any CPU
		Release|Any CPU = Release|Any CPU
	EndGlobalSection
	GlobalSection(ProjectConfigurationPlatforms) = postSolution
		{3D12DAB7-D943-41F7-B90F-C590D186FDDA}.Debug|Any CPU.ActiveCfg = Debug|Any CPU
		{3D12DAB7-D943-41F7-B90F-C590D186FDDA}.Debug|Any CPU.Build.0 = Debug|Any CPU
		{3D12DAB7-D943-41F7-B90F-C590D186FDDA}.Release|Any CPU.ActiveCfg = Release|Any CPU
		{3D12DAB7-D943-41F7-B90F-C590D186FDDA}.Release|Any CPU.Build.0 = Release|Any CPU
		{E0AE536C-B416-4342-8F1D-25861A0AD847}.Debug|Any CPU.ActiveCfg = Debug|Any CPU
		{E0AE536C-B416-4342-8F1D-25861A0AD847}.Debug|Any CPU.Build.0 = Debug|Any CPU
		{E0AE536C-B416-4342-8F1D-25861A0AD847}.Release|Any CPU.ActiveCfg = Release|Any CPU
		{E0AE536C-B416-4342-8F1D-25861A0AD847}.Release|Any CPU.Build.0 = Release|Any CPU
	EndGlobalSection
	GlobalSection(SolutionProperties) = preSolution
		HideSolutionNode = FALSE
	EndGlobalSection
	GlobalSection(ExtensibilityGlobals) = postSolution
		SolutionGuid = {354084E6-1952-4785-A4D8-94C0A3A7C4E5}
	EndGlobalSection
EndGlobal
